
Microsoft Visual Studio Solution File, Format Version 12.00
# Visual Studio 15
Project("{FAE04EC0-301F-11D3-BF4B-00C04F79EFBC}") = "Assembly-CSharp", "Assembly-CSharp.csproj", "{C7A0091A-CA84-7DF2-990F-83FB6CD6F97C}"
EndProject
Project("{FAE04EC0-301F-11D3-BF4B-00C04F79EFBC}") = "Assembly-CSharp-Editor", "Assembly-CSharp-Editor.csproj", "{197F826E-F81C-B6A3-7450-127D03C2E251}"
EndProject
Global
	GlobalSection(SolutionConfigurationPlatforms) = preSolution
		Debug|Any CPU = Debug|Any CPU
		Release|Any CPU = Release|Any CPU
	EndGlobalSection
	GlobalSection(ProjectConfigurationPlatforms) = postSolution
		{C7A0091A-CA84-7DF2-990F-83FB6CD6F97C}.Debug|Any CPU.ActiveCfg = Debug|Any CPU
		{C7A0091A-CA84-7DF2-990F-83FB6CD6F97C}.Debug|Any CPU.Build.0 = Debug|Any CPU
		{C7A0091A-CA84-7DF2-990F-83FB6CD6F97C}.Release|Any CPU.ActiveCfg = Release|Any CPU
		{C7A0091A-CA84-7DF2-990F-83FB6CD6F97C}.Release|Any CPU.Build.0 = Release|Any CPU
		{197F826E-F81C-B6A3-7450-127D03C2E251}.Debug|Any CPU.ActiveCfg = Debug|Any CPU
		{197F826E-F81C-B6A3-7450-127D03C2E251}.Debug|Any CPU.Build.0 = Debug|Any CPU
		{197F826E-F81C-B6A3-7450-127D03C2E251}.Release|Any CPU.ActiveCfg = Release|Any CPU
		{197F826E-F81C-B6A3-7450-127D03C2E251}.Release|Any CPU.Build.0 = Release|Any CPU
	EndGlobalSection
	GlobalSection(SolutionProperties) = preSolution
		HideSolutionNode = FALSE
	EndGlobalSection
EndGlobal
